
Microsoft Visual Studio Solution File, Format Version 12.00
# Visual Studio Version 16
VisualStudioVersion = 16.0.29201.188
MinimumVisualStudioVersion = 10.0.40219.1
Project("{2150E333-8FDC-42A3-9474-1A3956D46DE8}") = "Item00 - O Projeto Inicial", "Item00 - O Projeto Inicial", "{F27E3D4C-1B88-402F-AAE3-BF748893E5C2}"
EndProject
Project("{9A19103F-16F7-4668-BE54-9A1E7A4F7556}") = "CasaDoCodigo.MVC", "Item00\CasaDoCodigo\CasaDoCodigo.MVC.csproj", "{DCF48943-83F5-4E44-B7E1-AE52B67644AB}"
EndProject
Project("{2150E333-8FDC-42A3-9474-1A3956D46DE8}") = "Item11 - Areas", "Item11 - Areas", "{ACD8FD87-92A6-45EF-B9E5-F40803785362}"
EndProject
Project("{9A19103F-16F7-4668-BE54-9A1E7A4F7556}") = "CasaDoCodigo.MVC", "Item11\CasaDoCodigo\CasaDoCodigo.MVC.csproj", "{0BB69DB4-89ED-4B77-B3F9-1F77A938BFBF}"
EndProject
Project("{9A19103F-16F7-4668-BE54-9A1E7A4F7556}") = "CasaDoCodigo.IdentityServer", "Item11\CasaDoCodigo.IdentityServer\CasaDoCodigo.IdentityServer.csproj", "{44F185E0-A544-4076-8BAB-162DF499E050}"
EndProject
Project("{9A19103F-16F7-4668-BE54-9A1E7A4F7556}") = "CasaDoCodigo.RelatorioWebAPI", "Item11\CasaDoCodigo.RelatorioWebAPI\CasaDoCodigo.RelatorioWebAPI.csproj", "{BA28F064-DA2E-45E2-9647-87594BC2563A}"
EndProject
Project("{2150E333-8FDC-42A3-9474-1A3956D46DE8}") = "Item12 - Componentes de Layout", "Item12 - Componentes de Layout", "{941DC7FB-84F9-4BD4-8AFC-6BFC723A0610}"
EndProject
Project("{9A19103F-16F7-4668-BE54-9A1E7A4F7556}") = "CasaDoCodigo.MVC", "Item12\CasaDoCodigo\CasaDoCodigo.MVC.csproj", "{EF3A7F15-C123-4268-B793-94A29AD8C70A}"
EndProject
Project("{9A19103F-16F7-4668-BE54-9A1E7A4F7556}") = "CasaDoCodigo.IdentityServer", "Item12\CasaDoCodigo.IdentityServer\CasaDoCodigo.IdentityServer.csproj", "{9B758242-8B5F-4B4B-B6E8-C8FCA623CAB6}"
EndProject
Project("{2150E333-8FDC-42A3-9474-1A3956D46DE8}") = "Item13 - Separação de Modelos", "Item13 - Separação de Modelos", "{5D1C302B-A198-4425-8E06-FEFEE046EDBD}"
EndProject
Project("{9A19103F-16F7-4668-BE54-9A1E7A4F7556}") = "CasaDoCodigo.MVC", "Item13\CasaDoCodigo\CasaDoCodigo.MVC.csproj", "{17430AD1-9EFD-481F-8EBD-B30BEDE946F2}"
EndProject
Project("{9A19103F-16F7-4668-BE54-9A1E7A4F7556}") = "CasaDoCodigo.IdentityServer", "Item13\CasaDoCodigo.IdentityServer\CasaDoCodigo.IdentityServer.csproj", "{725BB729-C51E-4A4A-A16B-EAF7A3475D3F}"
EndProject
Project("{2150E333-8FDC-42A3-9474-1A3956D46DE8}") = "Item01 - Areas", "Item01 - Areas", "{0436923F-117A-47C6-A9F0-34940B8F92FA}"
EndProject
Project("{9A19103F-16F7-4668-BE54-9A1E7A4F7556}") = "CasaDoCodigo.MVC", "Item01\CasaDoCodigo\CasaDoCodigo.MVC.csproj", "{1DB4F169-95EC-4B35-BED7-12D782A034AC}"
EndProject
Project("{2150E333-8FDC-42A3-9474-1A3956D46DE8}") = "Item02 - Partial Views", "Item02 - Partial Views", "{B4ACEC3D-A20C-4F19-980B-3BA925D527A0}"
EndProject
Project("{9A19103F-16F7-4668-BE54-9A1E7A4F7556}") = "CasaDoCodigo.MVC", "Item02\CasaDoCodigo\CasaDoCodigo.MVC.csproj", "{9A8F0C79-C5B8-411E-BC83-9EB89A1F4313}"
EndProject
Project("{2150E333-8FDC-42A3-9474-1A3956D46DE8}") = "Item03 - View Components", "Item03 - View Components", "{AF93129F-598C-48D4-9A49-4CFCD485EF7F}"
EndProject
Project("{9A19103F-16F7-4668-BE54-9A1E7A4F7556}") = "CasaDoCodigo.MVC", "Item03\CasaDoCodigo\CasaDoCodigo.MVC.csproj", "{454B559F-507F-4294-8C7F-34F0DF4AA625}"
EndProject
Global
	GlobalSection(SolutionConfigurationPlatforms) = preSolution
		Debug|Any CPU = Debug|Any CPU
		Release|Any CPU = Release|Any CPU
	EndGlobalSection
	GlobalSection(ProjectConfigurationPlatforms) = postSolution
		{DCF48943-83F5-4E44-B7E1-AE52B67644AB}.Debug|Any CPU.ActiveCfg = Debug|Any CPU
		{DCF48943-83F5-4E44-B7E1-AE52B67644AB}.Debug|Any CPU.Build.0 = Debug|Any CPU
		{DCF48943-83F5-4E44-B7E1-AE52B67644AB}.Release|Any CPU.ActiveCfg = Release|Any CPU
		{DCF48943-83F5-4E44-B7E1-AE52B67644AB}.Release|Any CPU.Build.0 = Release|Any CPU
		{0BB69DB4-89ED-4B77-B3F9-1F77A938BFBF}.Debug|Any CPU.ActiveCfg = Debug|Any CPU
		{0BB69DB4-89ED-4B77-B3F9-1F77A938BFBF}.Debug|Any CPU.Build.0 = Debug|Any CPU
		{0BB69DB4-89ED-4B77-B3F9-1F77A938BFBF}.Release|Any CPU.ActiveCfg = Release|Any CPU
		{0BB69DB4-89ED-4B77-B3F9-1F77A938BFBF}.Release|Any CPU.Build.0 = Release|Any CPU
		{44F185E0-A544-4076-8BAB-162DF499E050}.Debug|Any CPU.ActiveCfg = Debug|Any CPU
		{44F185E0-A544-4076-8BAB-162DF499E050}.Debug|Any CPU.Build.0 = Debug|Any CPU
		{44F185E0-A544-4076-8BAB-162DF499E050}.Release|Any CPU.ActiveCfg = Release|Any CPU
		{44F185E0-A544-4076-8BAB-162DF499E050}.Release|Any CPU.Build.0 = Release|Any CPU
		{BA28F064-DA2E-45E2-9647-87594BC2563A}.Debug|Any CPU.ActiveCfg = Debug|Any CPU
		{BA28F064-DA2E-45E2-9647-87594BC2563A}.Debug|Any CPU.Build.0 = Debug|Any CPU
		{BA28F064-DA2E-45E2-9647-87594BC2563A}.Release|Any CPU.ActiveCfg = Release|Any CPU
		{BA28F064-DA2E-45E2-9647-87594BC2563A}.Release|Any CPU.Build.0 = Release|Any CPU
		{EF3A7F15-C123-4268-B793-94A29AD8C70A}.Debug|Any CPU.ActiveCfg = Debug|Any CPU
		{EF3A7F15-C123-4268-B793-94A29AD8C70A}.Debug|Any CPU.Build.0 = Debug|Any CPU
		{EF3A7F15-C123-4268-B793-94A29AD8C70A}.Release|Any CPU.ActiveCfg = Release|Any CPU
		{EF3A7F15-C123-4268-B793-94A29AD8C70A}.Release|Any CPU.Build.0 = Release|Any CPU
		{9B758242-8B5F-4B4B-B6E8-C8FCA623CAB6}.Debug|Any CPU.ActiveCfg = Debug|Any CPU
		{9B758242-8B5F-4B4B-B6E8-C8FCA623CAB6}.Debug|Any CPU.Build.0 = Debug|Any CPU
		{9B758242-8B5F-4B4B-B6E8-C8FCA623CAB6}.Release|Any CPU.ActiveCfg = Release|Any CPU
		{9B758242-8B5F-4B4B-B6E8-C8FCA623CAB6}.Release|Any CPU.Build.0 = Release|Any CPU
		{17430AD1-9EFD-481F-8EBD-B30BEDE946F2}.Debug|Any CPU.ActiveCfg = Debug|Any CPU
		{17430AD1-9EFD-481F-8EBD-B30BEDE946F2}.Debug|Any CPU.Build.0 = Debug|Any CPU
		{17430AD1-9EFD-481F-8EBD-B30BEDE946F2}.Release|Any CPU.ActiveCfg = Release|Any CPU
		{17430AD1-9EFD-481F-8EBD-B30BEDE946F2}.Release|Any CPU.Build.0 = Release|Any CPU
		{725BB729-C51E-4A4A-A16B-EAF7A3475D3F}.Debug|Any CPU.ActiveCfg = Debug|Any CPU
		{725BB729-C51E-4A4A-A16B-EAF7A3475D3F}.Debug|Any CPU.Build.0 = Debug|Any CPU
		{725BB729-C51E-4A4A-A16B-EAF7A3475D3F}.Release|Any CPU.ActiveCfg = Release|Any CPU
		{725BB729-C51E-4A4A-A16B-EAF7A3475D3F}.Release|Any CPU.Build.0 = Release|Any CPU
		{1DB4F169-95EC-4B35-BED7-12D782A034AC}.Debug|Any CPU.ActiveCfg = Debug|Any CPU
		{1DB4F169-95EC-4B35-BED7-12D782A034AC}.Debug|Any CPU.Build.0 = Debug|Any CPU
		{1DB4F169-95EC-4B35-BED7-12D782A034AC}.Release|Any CPU.ActiveCfg = Release|Any CPU
		{1DB4F169-95EC-4B35-BED7-12D782A034AC}.Release|Any CPU.Build.0 = Release|Any CPU
		{9A8F0C79-C5B8-411E-BC83-9EB89A1F4313}.Debug|Any CPU.ActiveCfg = Debug|Any CPU
		{9A8F0C79-C5B8-411E-BC83-9EB89A1F4313}.Debug|Any CPU.Build.0 = Debug|Any CPU
		{9A8F0C79-C5B8-411E-BC83-9EB89A1F4313}.Release|Any CPU.ActiveCfg = Release|Any CPU
		{9A8F0C79-C5B8-411E-BC83-9EB89A1F4313}.Release|Any CPU.Build.0 = Release|Any CPU
		{454B559F-507F-4294-8C7F-34F0DF4AA625}.Debug|Any CPU.ActiveCfg = Debug|Any CPU
		{454B559F-507F-4294-8C7F-34F0DF4AA625}.Debug|Any CPU.Build.0 = Debug|Any CPU
		{454B559F-507F-4294-8C7F-34F0DF4AA625}.Release|Any CPU.ActiveCfg = Release|Any CPU
		{454B559F-507F-4294-8C7F-34F0DF4AA625}.Release|Any CPU.Build.0 = Release|Any CPU
	EndGlobalSection
	GlobalSection(SolutionProperties) = preSolution
		HideSolutionNode = FALSE
	EndGlobalSection
	GlobalSection(NestedProjects) = preSolution
		{DCF48943-83F5-4E44-B7E1-AE52B67644AB} = {F27E3D4C-1B88-402F-AAE3-BF748893E5C2}
		{0BB69DB4-89ED-4B77-B3F9-1F77A938BFBF} = {ACD8FD87-92A6-45EF-B9E5-F40803785362}
		{44F185E0-A544-4076-8BAB-162DF499E050} = {ACD8FD87-92A6-45EF-B9E5-F40803785362}
		{BA28F064-DA2E-45E2-9647-87594BC2563A} = {ACD8FD87-92A6-45EF-B9E5-F40803785362}
		{EF3A7F15-C123-4268-B793-94A29AD8C70A} = {941DC7FB-84F9-4BD4-8AFC-6BFC723A0610}
		{9B758242-8B5F-4B4B-B6E8-C8FCA623CAB6} = {941DC7FB-84F9-4BD4-8AFC-6BFC723A0610}
		{17430AD1-9EFD-481F-8EBD-B30BEDE946F2} = {5D1C302B-A198-4425-8E06-FEFEE046EDBD}
		{725BB729-C51E-4A4A-A16B-EAF7A3475D3F} = {5D1C302B-A198-4425-8E06-FEFEE046EDBD}
		{1DB4F169-95EC-4B35-BED7-12D782A034AC} = {0436923F-117A-47C6-A9F0-34940B8F92FA}
		{9A8F0C79-C5B8-411E-BC83-9EB89A1F4313} = {B4ACEC3D-A20C-4F19-980B-3BA925D527A0}
		{454B559F-507F-4294-8C7F-34F0DF4AA625} = {AF93129F-598C-48D4-9A49-4CFCD485EF7F}
	EndGlobalSection
	GlobalSection(ExtensibilityGlobals) = postSolution
		SolutionGuid = {398437CA-EB7F-4F16-ACEE-7A7D1534AD08}
	EndGlobalSection
EndGlobal
